
Microsoft Visual Studio Solution File, Format Version 12.00
# Visual Studio Version 17
VisualStudioVersion = 17.0.32014.148
MinimumVisualStudioVersion = 10.0.40219.1
Project("{9A19103F-16F7-4668-BE54-9A1E7A4F7556}") = "HotFolderPrinterFoxitPdf", "HotFolderPrinterFoxitPdf.csproj", "{7B297960-1F82-436C-A294-1CE1ED839969}"
EndProject
Project("{54435603-DBB4-11D2-8724-00A0C9A8B90C}") = "HotFolderPrinterFoxitPdfSetup", "HotFolderPrinterFoxitPdfSetup\HotFolderPrinterFoxitPdfSetup.vdproj", "{E78DE873-0B6E-4B92-A785-89234247B2DF}"
EndProject
Global
	GlobalSection(SolutionConfigurationPlatforms) = preSolution
		Debug|Any CPU = Debug|Any CPU
		Release|Any CPU = Release|Any CPU
	EndGlobalSection
	GlobalSection(ProjectConfigurationPlatforms) = postSolution
		{7B297960-1F82-436C-A294-1CE1ED839969}.Debug|Any CPU.ActiveCfg = Debug|Any CPU
		{7B297960-1F82-436C-A294-1CE1ED839969}.Debug|Any CPU.Build.0 = Debug|Any CPU
		{7B297960-1F82-436C-A294-1CE1ED839969}.Release|Any CPU.ActiveCfg = Release|Any CPU
		{7B297960-1F82-436C-A294-1CE1ED839969}.Release|Any CPU.Build.0 = Release|Any CPU
		{E78DE873-0B6E-4B92-A785-89234247B2DF}.Debug|Any CPU.ActiveCfg = Debug
		{E78DE873-0B6E-4B92-A785-89234247B2DF}.Release|Any CPU.ActiveCfg = Release
	EndGlobalSection
	GlobalSection(SolutionProperties) = preSolution
		HideSolutionNode = FALSE
	EndGlobalSection
	GlobalSection(ExtensibilityGlobals) = postSolution
		SolutionGuid = {CE31C7E8-5B6B-4BF3-BB0B-8753807AD203}
	EndGlobalSection
EndGlobal
